
Microsoft Visual Studio Solution File, Format Version 12.00
# Visual Studio Version 16
VisualStudioVersion = 16.0.31129.286
MinimumVisualStudioVersion = 10.0.40219.1
Project("{FAE04EC0-301F-11D3-BF4B-00C04F79EFBC}") = "DevbridgePoints.WebApi", "DevbridgePoints.WebApi\DevbridgePoints.WebApi.csproj", "{CBC74B3F-2D94-4E30-BC90-89F3EF46ED05}"
EndProject
Global
	GlobalSection(SolutionConfigurationPlatforms) = preSolution
		Debug|Any CPU = Debug|Any CPU
		Release|Any CPU = Release|Any CPU
	EndGlobalSection
	GlobalSection(ProjectConfigurationPlatforms) = postSolution
		{CBC74B3F-2D94-4E30-BC90-89F3EF46ED05}.Debug|Any CPU.ActiveCfg = Debug|Any CPU
		{CBC74B3F-2D94-4E30-BC90-89F3EF46ED05}.Debug|Any CPU.Build.0 = Debug|Any CPU
		{CBC74B3F-2D94-4E30-BC90-89F3EF46ED05}.Release|Any CPU.ActiveCfg = Release|Any CPU
		{CBC74B3F-2D94-4E30-BC90-89F3EF46ED05}.Release|Any CPU.Build.0 = Release|Any CPU
	EndGlobalSection
	GlobalSection(SolutionProperties) = preSolution
		HideSolutionNode = FALSE
	EndGlobalSection
	GlobalSection(ExtensibilityGlobals) = postSolution
		SolutionGuid = {7873BD20-05D5-404C-8EF2-B1696CB251E1}
	EndGlobalSection
EndGlobal
